
Microsoft Visual Studio Solution File, Format Version 12.00
# Visual Studio Version 17
VisualStudioVersion = 17.4.33213.308
MinimumVisualStudioVersion = 10.0.40219.1
Project("{F184B08F-C81C-45F6-A57F-5ABD9991F28F}") = "Unit_3_VB", "Unit_3_VB.vbproj", "{FE1A49D1-9F84-4C9C-89A0-0943C5569797}"
EndProject
Global
	GlobalSection(SolutionConfigurationPlatforms) = preSolution
		Debug|Any CPU = Debug|Any CPU
		Release|Any CPU = Release|Any CPU
	EndGlobalSection
	GlobalSection(ProjectConfigurationPlatforms) = postSolution
		{FE1A49D1-9F84-4C9C-89A0-0943C5569797}.Debug|Any CPU.ActiveCfg = Debug|Any CPU
		{FE1A49D1-9F84-4C9C-89A0-0943C5569797}.Debug|Any CPU.Build.0 = Debug|Any CPU
		{FE1A49D1-9F84-4C9C-89A0-0943C5569797}.Release|Any CPU.ActiveCfg = Release|Any CPU
		{FE1A49D1-9F84-4C9C-89A0-0943C5569797}.Release|Any CPU.Build.0 = Release|Any CPU
	EndGlobalSection
	GlobalSection(SolutionProperties) = preSolution
		HideSolutionNode = FALSE
	EndGlobalSection
	GlobalSection(ExtensibilityGlobals) = postSolution
		SolutionGuid = {8212CE86-1B0E-4937-BEF1-D63B51D3917C}
	EndGlobalSection
EndGlobal
